// !$*UTF8*$!
{
	archiveVersion = 1;
	classes = {
	};
	objectVersion = 56;
	objects = {

/* Begin PBXBuildFile section */
		690FA7B429459BEF0033D79D /* sako0602_kadai7App.swift in Sources */ = {isa = PBXBuildFile; fileRef = 690FA7B329459BEF0033D79D /* sako0602_kadai7App.swift */; };
		690FA7B629459BEF0033D79D /* ContentView.swift in Sources */ = {isa = PBXBuildFile; fileRef = 690FA7B529459BEF0033D79D /* ContentView.swift */; };
		690FA7B829459BF60033D79D /* Assets.xcassets in Resources */ = {isa = PBXBuildFile; fileRef = 690FA7B729459BF60033D79D /* Assets.xcassets */; };
		690FA7BB29459BF60033D79D /* Preview Assets.xcassets in Resources */ = {isa = PBXBuildFile; fileRef = 690FA7BA29459BF60033D79D /* Preview Assets.xcassets */; };
		690FA7C529459BF70033D79D /* sako0602_kadai7Tests.swift in Sources */ = {isa = PBXBuildFile; fileRef = 690FA7C429459BF70033D79D /* sako0602_kadai7Tests.swift */; };
		690FA7CF29459BF70033D79D /* sako0602_kadai7UITests.swift in Sources */ = {isa = PBXBuildFile; fileRef = 690FA7CE29459BF70033D79D /* sako0602_kadai7UITests.swift */; };
		690FA7D129459BF70033D79D /* sako0602_kadai7UITestsLaunchTests.swift in Sources */ = {isa = PBXBuildFile; fileRef = 690FA7D029459BF70033D79D /* sako0602_kadai7UITestsLaunchTests.swift */; };
		69B70B80294760F5007B0E6C /* VarSe.swift in Sources */ = {isa = PBXBuildFile; fileRef = 69B70B7F294760F5007B0E6C /* VarSe.swift */; };
/* End PBXBuildFile section */

/* Begin PBXContainerItemProxy section */
		690FA7C129459BF70033D79D /* PBXContainerItemProxy */ = {
			isa = PBXContainerItemProxy;
			containerPortal = 690FA7A829459BEF0033D79D /* Project object */;
			proxyType = 1;
			remoteGlobalIDString = 690FA7AF29459BEF0033D79D;
			remoteInfo = "sako0602-kadai7";
		};
		690FA7CB29459BF70033D79D /* PBXContainerItemProxy */ = {
			isa = PBXContainerItemProxy;
			containerPortal = 690FA7A829459BEF0033D79D /* Project object */;
			proxyType = 1;
			remoteGlobalIDString = 690FA7AF29459BEF0033D79D;
			remoteInfo = "sako0602-kadai7";
		};
/* End PBXContainerItemProxy section */

/* Begin PBXFileReference section */
		690FA7B029459BEF0033D79D /* sako0602-kadai7.app */ = {isa = PBXFileReference; explicitFileType = wrapper.application; includeInIndex = 0; path = "sako0602-kadai7.app"; sourceTree = BUILT_PRODUCTS_DIR; };
		690FA7B329459BEF0033D79D /* sako0602_kadai7App.swift */ = {isa = PBXFileReference; lastKnownFileType = sourcecode.swift; path = sako0602_kadai7App.swift; sourceTree = "<group>"; };
		690FA7B529459BEF0033D79D /* ContentView.swift */ = {isa = PBXFileReference; lastKnownFileType = sourcecode.swift; path = ContentView.swift; sourceTree = "<group>"; };
		690FA7B729459BF60033D79D /* Assets.xcassets */ = {isa = PBXFileReference; lastKnownFileType = folder.assetcatalog; path = Assets.xcassets; sourceTree = "<group>"; };
		690FA7BA29459BF60033D79D /* Preview Assets.xcassets */ = {isa = PBXFileReference; lastKnownFileType = folder.assetcatalog; path = "Preview Assets.xcassets"; sourceTree = "<group>"; };
		690FA7C029459BF70033D79D /* sako0602-kadai7Tests.xctest */ = {isa = PBXFileReference; explicitFileType = wrapper.cfbundle; includeInIndex = 0; path = "sako0602-kadai7Tests.xctest"; sourceTree = BUILT_PRODUCTS_DIR; };
		690FA7C429459BF70033D79D /* sako0602_kadai7Tests.swift */ = {isa = PBXFileReference; lastKnownFileType = sourcecode.swift; path = sako0602_kadai7Tests.swift; sourceTree = "<group>"; };
		690FA7CA29459BF70033D79D /* sako0602-kadai7UITests.xctest */ = {isa = PBXFileReference; explicitFileType = wrapper.cfbundle; includeInIndex = 0; path = "sako0602-kadai7UITests.xctest"; sourceTree = BUILT_PRODUCTS_DIR; };
		690FA7CE29459BF70033D79D /* sako0602_kadai7UITests.swift */ = {isa = PBXFileReference; lastKnownFileType = sourcecode.swift; path = sako0602_kadai7UITests.swift; sourceTree = "<group>"; };
		690FA7D029459BF70033D79D /* sako0602_kadai7UITestsLaunchTests.swift */ = {isa = PBXFileReference; lastKnownFileType = sourcecode.swift; path = sako0602_kadai7UITestsLaunchTests.swift; sourceTree = "<group>"; };
		690FA7DD2945A50B0033D79D /* MyPlayground.playground */ = {isa = PBXFileReference; lastKnownFileType = file.playground; path = MyPlayground.playground; sourceTree = "<group>"; xcLanguageSpecificationIdentifier = xcode.lang.swift; };
		69B70B7F294760F5007B0E6C /* VarSe.swift */ = {isa = PBXFileReference; lastKnownFileType = sourcecode.swift; path = VarSe.swift; sourceTree = "<group>"; };
/* End PBXFileReference section */

/* Begin PBXFrameworksBuildPhase section */
		690FA7AD29459BEF0033D79D /* Frameworks */ = {
			isa = PBXFrameworksBuildPhase;
			buildActionMask = 2147483647;
			files = (
			);
			runOnlyForDeploymentPostprocessing = 0;
		};
		690FA7BD29459BF70033D79D /* Frameworks */ = {
			isa = PBXFrameworksBuildPhase;
			buildActionMask = 2147483647;
			files = (
			);
			runOnlyForDeploymentPostprocessing = 0;
		};
		690FA7C729459BF70033D79D /* Frameworks */ = {
			isa = PBXFrameworksBuildPhase;
			buildActionMask = 2147483647;
			files = (
			);
			runOnlyForDeploymentPostprocessing = 0;
		};
/* End PBXFrameworksBuildPhase section */

/* Begin PBXGroup section */
		690FA7A729459BEF0033D79D = {
			isa = PBXGroup;
			children = (
				690FA7B229459BEF0033D79D /* sako0602-kadai7 */,
				690FA7C329459BF70033D79D /* sako0602-kadai7Tests */,
				690FA7CD29459BF70033D79D /* sako0602-kadai7UITests */,
				690FA7B129459BEF0033D79D /* Products */,
			);
			sourceTree = "<group>";
		};
		690FA7B129459BEF0033D79D /* Products */ = {
			isa = PBXGroup;
			children = (
				690FA7B029459BEF0033D79D /* sako0602-kadai7.app */,
				690FA7C029459BF70033D79D /* sako0602-kadai7Tests.xctest */,
				690FA7CA29459BF70033D79D /* sako0602-kadai7UITests.xctest */,
			);
			name = Products;
			sourceTree = "<group>";
		};
		690FA7B229459BEF0033D79D /* sako0602-kadai7 */ = {
			isa = PBXGroup;
			children = (
				690FA7B329459BEF0033D79D /* sako0602_kadai7App.swift */,
				690FA7B529459BEF0033D79D /* ContentView.swift */,
				69B70B7F294760F5007B0E6C /* VarSe.swift */,
				690FA7DD2945A50B0033D79D /* MyPlayground.playground */,
				690FA7B729459BF60033D79D /* Assets.xcassets */,
				690FA7B929459BF60033D79D /* Preview Content */,
			);
			path = "sako0602-kadai7";
			sourceTree = "<group>";
		};
		690FA7B929459BF60033D79D /* Preview Content */ = {
			isa = PBXGroup;
			children = (
				690FA7BA29459BF60033D79D /* Preview Assets.xcassets */,
			);
			path = "Preview Content";
			sourceTree = "<group>";
		};
		690FA7C329459BF70033D79D /* sako0602-kadai7Tests */ = {
			isa = PBXGroup;
			children = (
				690FA7C429459BF70033D79D /* sako0602_kadai7Tests.swift */,
			);
			path = "sako0602-kadai7Tests";
			sourceTree = "<group>";
		};
		690FA7CD29459BF70033D79D /* sako0602-kadai7UITests */ = {
			isa = PBXGroup;
			children = (
				690FA7CE29459BF70033D79D /* sako0602_kadai7UITests.swift */,
				690FA7D029459BF70033D79D /* sako0602_kadai7UITestsLaunchTests.swift */,
			);
			path = "sako0602-kadai7UITests";
			sourceTree = "<group>";
		};
/* End PBXGroup section */

/* Begin PBXNativeTarget section */
		690FA7AF29459BEF0033D79D /* sako0602-kadai7 */ = {
			isa = PBXNativeTarget;
			buildConfigurationList = 690FA7D429459BF70033D79D /* Build configuration list for PBXNativeTarget "sako0602-kadai7" */;
			buildPhases = (
				690FA7AC29459BEF0033D79D /* Sources */,
				690FA7AD29459BEF0033D79D /* Frameworks */,
				690FA7AE29459BEF0033D79D /* Resources */,
			);
			buildRules = (
			);
			dependencies = (
			);
			name = "sako0602-kadai7";
			productName = "sako0602-kadai7";
			productReference = 690FA7B029459BEF0033D79D /* sako0602-kadai7.app */;
			productType = "com.apple.product-type.application";
		};
		690FA7BF29459BF70033D79D /* sako0602-kadai7Tests */ = {
			isa = PBXNativeTarget;
			buildConfigurationList = 690FA7D729459BF70033D79D /* Build configuration list for PBXNativeTarget "sako0602-kadai7Tests" */;
			buildPhases = (
				690FA7BC29459BF70033D79D /* Sources */,
				690FA7BD29459BF70033D79D /* Frameworks */,
				690FA7BE29459BF70033D79D /* Resources */,
			);
			buildRules = (
			);
			dependencies = (
				690FA7C229459BF70033D79D /* PBXTargetDependency */,
			);
			name = "sako0602-kadai7Tests";
			productName = "sako0602-kadai7Tests";
			productReference = 690FA7C029459BF70033D79D /* sako0602-kadai7Tests.xctest */;
			productType = "com.apple.product-type.bundle.unit-test";
		};
		690FA7C929459BF70033D79D /* sako0602-kadai7UITests */ = {
			isa = PBXNativeTarget;
			buildConfigurationList = 690FA7DA29459BF70033D79D /* Build configuration list for PBXNativeTarget "sako0602-kadai7UITests" */;
			buildPhases = (
				690FA7C629459BF70033D79D /* Sources */,
				690FA7C729459BF70033D79D /* Frameworks */,
				690FA7C829459BF70033D79D /* Resources */,
			);
			buildRules = (
			);
			dependencies = (
				690FA7CC29459BF70033D79D /* PBXTargetDependency */,
			);
			name = "sako0602-kadai7UITests";
			productName = "sako0602-kadai7UITests";
			productReference = 690FA7CA29459BF70033D79D /* sako0602-kadai7UITests.xctest */;
			productType = "com.apple.product-type.bundle.ui-testing";
		};
/* End PBXNativeTarget section */

/* Begin PBXProject section */
		690FA7A829459BEF0033D79D /* Project object */ = {
			isa = PBXProject;
			attributes = {
				BuildIndependentTargetsInParallel = 1;
				LastSwiftUpdateCheck = 1410;
				LastUpgradeCheck = 1410;
				TargetAttributes = {
					690FA7AF29459BEF0033D79D = {
						CreatedOnToolsVersion = 14.1;
					};
					690FA7BF29459BF70033D79D = {
						CreatedOnToolsVersion = 14.1;
						TestTargetID = 690FA7AF29459BEF0033D79D;
					};
					690FA7C929459BF70033D79D = {
						CreatedOnToolsVersion = 14.1;
						TestTargetID = 690FA7AF29459BEF0033D79D;
					};
				};
			};
			buildConfigurationList = 690FA7AB29459BEF0033D79D /* Build configuration list for PBXProject "sako0602-kadai7" */;
			compatibilityVersion = "Xcode 14.0";
			developmentRegion = en;
			hasScannedForEncodings = 0;
			knownRegions = (
				en,
				Base,
			);
			mainGroup = 690FA7A729459BEF0033D79D;
			productRefGroup = 690FA7B129459BEF0033D79D /* Products */;
			projectDirPath = "";
			projectRoot = "";
			targets = (
				690FA7AF29459BEF0033D79D /* sako0602-kadai7 */,
				690FA7BF29459BF70033D79D /* sako0602-kadai7Tests */,
				690FA7C929459BF70033D79D /* sako0602-kadai7UITests */,
			);
		};
/* End PBXProject section */

/* Begin PBXResourcesBuildPhase section */
		690FA7AE29459BEF0033D79D /* Resources */ = {
			isa = PBXResourcesBuildPhase;
			buildActionMask = 2147483647;
			files = (
				690FA7BB29459BF60033D79D /* Preview Assets.xcassets in Resources */,
				690FA7B829459BF60033D79D /* Assets.xcassets in Resources */,
			);
			runOnlyForDeploymentPostprocessing = 0;
		};
		690FA7BE29459BF70033D79D /* Resources */ = {
			isa = PBXResourcesBuildPhase;
			buildActionMask = 2147483647;
			files = (
			);
			runOnlyForDeploymentPostprocessing = 0;
		};
		690FA7C829459BF70033D79D /* Resources */ = {
			isa = PBXResourcesBuildPhase;
			buildActionMask = 2147483647;
			files = (
			);
			runOnlyForDeploymentPostprocessing = 0;
		};
/* End PBXResourcesBuildPhase section */

/* Begin PBXSourcesBuildPhase section */
		690FA7AC29459BEF0033D79D /* Sources */ = {
			isa = PBXSourcesBuildPhase;
			buildActionMask = 2147483647;
			files = (
				69B70B80294760F5007B0E6C /* VarSe.swift in Sources */,
				690FA7B629459BEF0033D79D /* ContentView.swift in Sources */,
				690FA7B429459BEF0033D79D /* sako0602_kadai7App.swift in Sources */,
			);
			runOnlyForDeploymentPostprocessing = 0;
		};
		690FA7BC29459BF70033D79D /* Sources */ = {
			isa = PBXSourcesBuildPhase;
			buildActionMask = 2147483647;
			files = (
				690FA7C529459BF70033D79D /* sako0602_kadai7Tests.swift in Sources */,
			);
			runOnlyForDeploymentPostprocessing = 0;
		};
		690FA7C629459BF70033D79D /* Sources */ = {
			isa = PBXSourcesBuildPhase;
			buildActionMask = 2147483647;
			files = (
				690FA7CF29459BF70033D79D /* sako0602_kadai7UITests.swift in Sources */,
				690FA7D129459BF70033D79D /* sako0602_kadai7UITestsLaunchTests.swift in Sources */,
			);
			runOnlyForDeploymentPostprocessing = 0;
		};
/* End PBXSourcesBuildPhase section */

/* Begin PBXTargetDependency section */
		690FA7C229459BF70033D79D /* PBXTargetDependency */ = {
			isa = PBXTargetDependency;
			target = 690FA7AF29459BEF0033D79D /* sako0602-kadai7 */;
			targetProxy = 690FA7C129459BF70033D79D /* PBXContainerItemProxy */;
		};
		690FA7CC29459BF70033D79D /* PBXTargetDependency */ = {
			isa = PBXTargetDependency;
			target = 690FA7AF29459BEF0033D79D /* sako0602-kadai7 */;
			targetProxy = 690FA7CB29459BF70033D79D /* PBXContainerItemProxy */;
		};
/* End PBXTargetDependency section */

/* Begin XCBuildConfiguration section */
		690FA7D229459BF70033D79D /* Debug */ = {
			isa = XCBuildConfiguration;
			buildSettings = {
				ALWAYS_SEARCH_USER_PATHS = NO;
				CLANG_ANALYZER_NONNULL = YES;
				CLANG_ANALYZER_NUMBER_OBJECT_CONVERSION = YES_AGGRESSIVE;
				CLANG_CXX_LANGUAGE_STANDARD = "gnu++20";
				CLANG_ENABLE_MODULES = YES;
				CLANG_ENABLE_OBJC_ARC = YES;
				CLANG_ENABLE_OBJC_WEAK = YES;
				CLANG_WARN_BLOCK_CAPTURE_AUTORELEASING = YES;
				CLANG_WARN_BOOL_CONVERSION = YES;
				CLANG_WARN_COMMA = YES;
				CLANG_WARN_CONSTANT_CONVERSION = YES;
				CLANG_WARN_DEPRECATED_OBJC_IMPLEMENTATIONS = YES;
				CLANG_WARN_DIRECT_OBJC_ISA_USAGE = YES_ERROR;
				CLANG_WARN_DOCUMENTATION_COMMENTS = YES;
				CLANG_WARN_EMPTY_BODY = YES;
				CLANG_WARN_ENUM_CONVERSION = YES;
				CLANG_WARN_INFINITE_RECURSION = YES;
				CLANG_WARN_INT_CONVERSION = YES;
				CLANG_WARN_NON_LITERAL_NULL_CONVERSION = YES;
				CLANG_WARN_OBJC_IMPLICIT_RETAIN_SELF = YES;
				CLANG_WARN_OBJC_LITERAL_CONVERSION = YES;
				CLANG_WARN_OBJC_ROOT_CLASS = YES_ERROR;
				CLANG_WARN_QUOTED_INCLUDE_IN_FRAMEWORK_HEADER = YES;
				CLANG_WARN_RANGE_LOOP_ANALYSIS = YES;
				CLANG_WARN_STRICT_PROTOTYPES = YES;
				CLANG_WARN_SUSPICIOUS_MOVE = YES;
				CLANG_WARN_UNGUARDED_AVAILABILITY = YES_AGGRESSIVE;
				CLANG_WARN_UNREACHABLE_CODE = YES;
				CLANG_WARN__DUPLICATE_METHOD_MATCH = YES;
				COPY_PHASE_STRIP = NO;
				DEBUG_INFORMATION_FORMAT = dwarf;
				ENABLE_STRICT_OBJC_MSGSEND = YES;
				ENABLE_TESTABILITY = YES;
				GCC_C_LANGUAGE_STANDARD = gnu11;
				GCC_DYNAMIC_NO_PIC = NO;
				GCC_NO_COMMON_BLOCKS = YES;
				GCC_OPTIMIZATION_LEVEL = 0;
				GCC_PREPROCESSOR_DEFINITIONS = (
					"DEBUG=1",
					"$(inherited)",
				);
				GCC_WARN_64_TO_32_BIT_CONVERSION = YES;
				GCC_WARN_ABOUT_RETURN_TYPE = YES_ERROR;
				GCC_WARN_UNDECLARED_SELECTOR = YES;
				GCC_WARN_UNINITIALIZED_AUTOS = YES_AGGRESSIVE;
				GCC_WARN_UNUSED_FUNCTION = YES;
				GCC_WARN_UNUSED_VARIABLE = YES;
				IPHONEOS_DEPLOYMENT_TARGET = 16.1;
				MTL_ENABLE_DEBUG_INFO = INCLUDE_SOURCE;
				MTL_FAST_MATH = YES;
				ONLY_ACTIVE_ARCH = YES;
				SDKROOT = iphoneos;
				SWIFT_ACTIVE_COMPILATION_CONDITIONS = DEBUG;
				SWIFT_OPTIMIZATION_LEVEL = "-Onone";
			};
			name = Debug;
		};
		690FA7D329459BF70033D79D /* Release */ = {
			isa = XCBuildConfiguration;
			buildSettings = {
				ALWAYS_SEARCH_USER_PATHS = NO;
				CLANG_ANALYZER_NONNULL = YES;
				CLANG_ANALYZER_NUMBER_OBJECT_CONVERSION = YES_AGGRESSIVE;
				CLANG_CXX_LANGUAGE_STANDARD = "gnu++20";
				CLANG_ENABLE_MODULES = YES;
				CLANG_ENABLE_OBJC_ARC = YES;
				CLANG_ENABLE_OBJC_WEAK = YES;
				CLANG_WARN_BLOCK_CAPTURE_AUTORELEASING = YES;
				CLANG_WARN_BOOL_CONVERSION = YES;
				CLANG_WARN_COMMA = YES;
				CLANG_WARN_CONSTANT_CONVERSION = YES;
				CLANG_WARN_DEPRECATED_OBJC_IMPLEMENTATIONS = YES;
				CLANG_WARN_DIRECT_OBJC_ISA_USAGE = YES_ERROR;
				CLANG_WARN_DOCUMENTATION_COMMENTS = YES;
				CLANG_WARN_EMPTY_BODY = YES;
				CLANG_WARN_ENUM_CONVERSION = YES;
				CLANG_WARN_INFINITE_RECURSION = YES;
				CLANG_WARN_INT_CONVERSION = YES;
				CLANG_WARN_NON_LITERAL_NULL_CONVERSION = YES;
				CLANG_WARN_OBJC_IMPLICIT_RETAIN_SELF = YES;
				CLANG_WARN_OBJC_LITERAL_CONVERSION = YES;
				CLANG_WARN_OBJC_ROOT_CLASS = YES_ERROR;
				CLANG_WARN_QUOTED_INCLUDE_IN_FRAMEWORK_HEADER = YES;
				CLANG_WARN_RANGE_LOOP_ANALYSIS = YES;
				CLANG_WARN_STRICT_PROTOTYPES = YES;
				CLANG_WARN_SUSPICIOUS_MOVE = YES;
				CLANG_WARN_UNGUARDED_AVAILABILITY = YES_AGGRESSIVE;
				CLANG_WARN_UNREACHABLE_CODE = YES;
				CLANG_WARN__DUPLICATE_METHOD_MATCH = YES;
				COPY_PHASE_STRIP = NO;
				DEBUG_INFORMATION_FORMAT = "dwarf-with-dsym";
				ENABLE_NS_ASSERTIONS = NO;
				ENABLE_STRICT_OBJC_MSGSEND = YES;
				GCC_C_LANGUAGE_STANDARD = gnu11;
				GCC_NO_COMMON_BLOCKS = YES;
				GCC_WARN_64_TO_32_BIT_CONVERSION = YES;
				GCC_WARN_ABOUT_RETURN_TYPE = YES_ERROR;
				GCC_WARN_UNDECLARED_SELECTOR = YES;
				GCC_WARN_UNINITIALIZED_AUTOS = YES_AGGRESSIVE;
				GCC_WARN_UNUSED_FUNCTION = YES;
				GCC_WARN_UNUSED_VARIABLE = YES;
				IPHONEOS_DEPLOYMENT_TARGET = 16.1;
				MTL_ENABLE_DEBUG_INFO = NO;
				MTL_FAST_MATH = YES;
				SDKROOT = iphoneos;
				SWIFT_COMPILATION_MODE = wholemodule;
				SWIFT_OPTIMIZATION_LEVEL = "-O";
				VALIDATE_PRODUCT = YES;
			};
			name = Release;
		};
		690FA7D529459BF70033D79D /* Debug */ = {
			isa = XCBuildConfiguration;
			buildSettings = {
				ASSETCATALOG_COMPILER_APPICON_NAME = AppIcon;
				ASSETCATALOG_COMPILER_GLOBAL_ACCENT_COLOR_NAME = AccentColor;
				CODE_SIGN_STYLE = Automatic;
				CURRENT_PROJECT_VERSION = 1;
				DEVELOPMENT_ASSET_PATHS = "\"sako0602-kadai7/Preview Content\"";
				ENABLE_PREVIEWS = YES;
				GENERATE_INFOPLIST_FILE = YES;
				INFOPLIST_KEY_UIApplicationSceneManifest_Generation = YES;
				INFOPLIST_KEY_UIApplicationSupportsIndirectInputEvents = YES;
				INFOPLIST_KEY_UILaunchScreen_Generation = YES;
				INFOPLIST_KEY_UISupportedInterfaceOrientations_iPad = "UIInterfaceOrientationPortrait UIInterfaceOrientationPortraitUpsideDown UIInterfaceOrientationLandscapeLeft UIInterfaceOrientationLandscapeRight";
				INFOPLIST_KEY_UISupportedInterfaceOrientations_iPhone = "UIInterfaceOrientationPortrait UIInterfaceOrientationLandscapeLeft UIInterfaceOrientationLandscapeRight";
				LD_RUNPATH_SEARCH_PATHS = (
					"$(inherited)",
					"@executable_path/Frameworks",
				);
				MARKETING_VERSION = 1.0;
				PRODUCT_BUNDLE_IDENTIFIER = "com.sako.sako0602-kadai7";
				PRODUCT_NAME = "$(TARGET_NAME)";
				SWIFT_EMIT_LOC_STRINGS = YES;
				SWIFT_VERSION = 5.0;
				TARGETED_DEVICE_FAMILY = "1,2";
			};
			name = Debug;
		};
		690FA7D629459BF70033D79D /* Release */ = {
			isa = XCBuildConfiguration;
			buildSettings = {
				ASSETCATALOG_COMPILER_APPICON_NAME = AppIcon;
				ASSETCATALOG_COMPILER_GLOBAL_ACCENT_COLOR_NAME = AccentColor;
				CODE_SIGN_STYLE = Automatic;
				CURRENT_PROJECT_VERSION = 1;
				DEVELOPMENT_ASSET_PATHS = "\"sako0602-kadai7/Preview Content\"";
				ENABLE_PREVIEWS = YES;
				GENERATE_INFOPLIST_FILE = YES;
				INFOPLIST_KEY_UIApplicationSceneManifest_Generation = YES;
				INFOPLIST_KEY_UIApplicationSupportsIndirectInputEvents = YES;
				INFOPLIST_KEY_UILaunchScreen_Generation = YES;
				INFOPLIST_KEY_UISupportedInterfaceOrientations_iPad = "UIInterfaceOrientationPortrait UIInterfaceOrientationPortraitUpsideDown UIInterfaceOrientationLandscapeLeft UIInterfaceOrientationLandscapeRight";
				INFOPLIST_KEY_UISupportedInterfaceOrientations_iPhone = "UIInterfaceOrientationPortrait UIInterfaceOrientationLandscapeLeft UIInterfaceOrientationLandscapeRight";
				LD_RUNPATH_SEARCH_PATHS = (
					"$(inherited)",
					"@executable_path/Frameworks",
				);
				MARKETING_VERSION = 1.0;
				PRODUCT_BUNDLE_IDENTIFIER = "com.sako.sako0602-kadai7";
				PRODUCT_NAME = "$(TARGET_NAME)";
				SWIFT_EMIT_LOC_STRINGS = YES;
				SWIFT_VERSION = 5.0;
				TARGETED_DEVICE_FAMILY = "1,2";
			};
			name = Release;
		};
		690FA7D829459BF70033D79D /* Debug */ = {
			isa = XCBuildConfiguration;
			buildSettings = {
				ALWAYS_EMBED_SWIFT_STANDARD_LIBRARIES = YES;
				BUNDLE_LOADER = "$(TEST_HOST)";
				CODE_SIGN_STYLE = Automatic;
				CURRENT_PROJECT_VERSION = 1;
				GENERATE_INFOPLIST_FILE = YES;
				IPHONEOS_DEPLOYMENT_TARGET = 16.1;
				MARKETING_VERSION = 1.0;
				PRODUCT_BUNDLE_IDENTIFIER = "com.sako.sako0602-kadai7Tests";
				PRODUCT_NAME = "$(TARGET_NAME)";
				SWIFT_EMIT_LOC_STRINGS = NO;
				SWIFT_VERSION = 5.0;
				TARGETED_DEVICE_FAMILY = "1,2";
				TEST_HOST = "$(BUILT_PRODUCTS_DIR)/sako0602-kadai7.app/$(BUNDLE_EXECUTABLE_FOLDER_PATH)/sako0602-kadai7";
			};
			name = Debug;
		};
		690FA7D929459BF70033D79D /* Release */ = {
			isa = XCBuildConfiguration;
			buildSettings = {
				ALWAYS_EMBED_SWIFT_STANDARD_LIBRARIES = YES;
				BUNDLE_LOADER = "$(TEST_HOST)";
				CODE_SIGN_STYLE = Automatic;
				CURRENT_PROJECT_VERSION = 1;
				GENERATE_INFOPLIST_FILE = YES;
				IPHONEOS_DEPLOYMENT_TARGET = 16.1;
				MARKETING_VERSION = 1.0;
				PRODUCT_BUNDLE_IDENTIFIER = "com.sako.sako0602-kadai7Tests";
				PRODUCT_NAME = "$(TARGET_NAME)";
				SWIFT_EMIT_LOC_STRINGS = NO;
				SWIFT_VERSION = 5.0;
				TARGETED_DEVICE_FAMILY = "1,2";
				TEST_HOST = "$(BUILT_PRODUCTS_DIR)/sako0602-kadai7.app/$(BUNDLE_EXECUTABLE_FOLDER_PATH)/sako0602-kadai7";
			};
			name = Release;
		};
		690FA7DB29459BF70033D79D /* Debug */ = {
			isa = XCBuildConfiguration;
			buildSettings = {
				ALWAYS_EMBED_SWIFT_STANDARD_LIBRARIES = YES;
				CODE_SIGN_STYLE = Automatic;
				CURRENT_PROJECT_VERSION = 1;
				GENERATE_INFOPLIST_FILE = YES;
				MARKETING_VERSION = 1.0;
				PRODUCT_BUNDLE_IDENTIFIER = "com.sako.sako0602-kadai7UITests";
				PRODUCT_NAME = "$(TARGET_NAME)";
				SWIFT_EMIT_LOC_STRINGS = NO;
				SWIFT_VERSION = 5.0;
				TARGETED_DEVICE_FAMILY = "1,2";
				TEST_TARGET_NAME = "sako0602-kadai7";
			};
			name = Debug;
		};
		690FA7DC29459BF70033D79D /* Release */ = {
			isa = XCBuildConfiguration;
			buildSettings = {
				ALWAYS_EMBED_SWIFT_STANDARD_LIBRARIES = YES;
				CODE_SIGN_STYLE = Automatic;
				CURRENT_PROJECT_VERSION = 1;
				GENERATE_INFOPLIST_FILE = YES;
				MARKETING_VERSION = 1.0;
				PRODUCT_BUNDLE_IDENTIFIER = "com.sako.sako0602-kadai7UITests";
				PRODUCT_NAME = "$(TARGET_NAME)";
				SWIFT_EMIT_LOC_STRINGS = NO;
				SWIFT_VERSION = 5.0;
				TARGETED_DEVICE_FAMILY = "1,2";
				TEST_TARGET_NAME = "sako0602-kadai7";
			};
			name = Release;
		};
/* End XCBuildConfiguration section */

/* Begin XCConfigurationList section */
		690FA7AB29459BEF0033D79D /* Build configuration list for PBXProject "sako0602-kadai7" */ = {
			isa = XCConfigurationList;
			buildConfigurations = (
				690FA7D229459BF70033D79D /* Debug */,
				690FA7D329459BF70033D79D /* Release */,
			);
			defaultConfigurationIsVisible = 0;
			defaultConfigurationName = Release;
		};
		690FA7D429459BF70033D79D /* Build configuration list for PBXNativeTarget "sako0602-kadai7" */ = {
			isa = XCConfigurationList;
			buildConfigurations = (
				690FA7D529459BF70033D79D /* Debug */,
				690FA7D629459BF70033D79D /* Release */,
			);
			defaultConfigurationIsVisible = 0;
			defaultConfigurationName = Release;
		};
		690FA7D729459BF70033D79D /* Build configuration list for PBXNativeTarget "sako0602-kadai7Tests" */ = {
			isa = XCConfigurationList;
			buildConfigurations = (
				690FA7D829459BF70033D79D /* Debug */,
				690FA7D929459BF70033D79D /* Release */,
			);
			defaultConfigurationIsVisible = 0;
			defaultConfigurationName = Release;
		};
		690FA7DA29459BF70033D79D /* Build configuration list for PBXNativeTarget "sako0602-kadai7UITests" */ = {
			isa = XCConfigurationList;
			buildConfigurations = (
				690FA7DB29459BF70033D79D /* Debug */,
				690FA7DC29459BF70033D79D /* Release */,
			);
			defaultConfigurationIsVisible = 0;
			defaultConfigurationName = Release;
		};
/* End XCConfigurationList section */
	};
	rootObject = 690FA7A829459BEF0033D79D /* Project object */;
}
